
Microsoft Visual Studio Solution File, Format Version 12.00
# Visual Studio 15
VisualStudioVersion = 15.0.28307.572
MinimumVisualStudioVersion = 10.0.40219.1
Project("{FAE04EC0-301F-11D3-BF4B-00C04F79EFBC}") = "ROCKPAPERSCISSORS", "ROCKPAPERSCISSORS\ROCKPAPERSCISSORS.csproj", "{26F605BC-0607-48B2-B249-9BAF52F12764}"
EndProject
Global
	GlobalSection(SolutionConfigurationPlatforms) = preSolution
		Debug|Any CPU = Debug|Any CPU
		Release|Any CPU = Release|Any CPU
	EndGlobalSection
	GlobalSection(ProjectConfigurationPlatforms) = postSolution
		{26F605BC-0607-48B2-B249-9BAF52F12764}.Debug|Any CPU.ActiveCfg = Debug|Any CPU
		{26F605BC-0607-48B2-B249-9BAF52F12764}.Debug|Any CPU.Build.0 = Debug|Any CPU
		{26F605BC-0607-48B2-B249-9BAF52F12764}.Release|Any CPU.ActiveCfg = Release|Any CPU
		{26F605BC-0607-48B2-B249-9BAF52F12764}.Release|Any CPU.Build.0 = Release|Any CPU
	EndGlobalSection
	GlobalSection(SolutionProperties) = preSolution
		HideSolutionNode = FALSE
	EndGlobalSection
	GlobalSection(ExtensibilityGlobals) = postSolution
		SolutionGuid = {DA30D370-33F9-4BAC-89A2-B2EE5A170209}
	EndGlobalSection
EndGlobal
